
Microsoft Visual Studio Solution File, Format Version 12.00
# Visual Studio Version 17
VisualStudioVersion = 17.10.35027.167
MinimumVisualStudioVersion = 10.0.40219.1
Project("{FAE04EC0-301F-11D3-BF4B-00C04F79EFBC}") = "Week-10", "Week-10.csproj", "{27274FEF-F570-409C-A963-E9B2C14A63DE}"
EndProject
Global
	GlobalSection(SolutionConfigurationPlatforms) = preSolution
		Debug|Any CPU = Debug|Any CPU
		Release|Any CPU = Release|Any CPU
	EndGlobalSection
	GlobalSection(ProjectConfigurationPlatforms) = postSolution
		{27274FEF-F570-409C-A963-E9B2C14A63DE}.Debug|Any CPU.ActiveCfg = Debug|Any CPU
		{27274FEF-F570-409C-A963-E9B2C14A63DE}.Debug|Any CPU.Build.0 = Debug|Any CPU
		{27274FEF-F570-409C-A963-E9B2C14A63DE}.Release|Any CPU.ActiveCfg = Release|Any CPU
		{27274FEF-F570-409C-A963-E9B2C14A63DE}.Release|Any CPU.Build.0 = Release|Any CPU
	EndGlobalSection
	GlobalSection(SolutionProperties) = preSolution
		HideSolutionNode = FALSE
	EndGlobalSection
	GlobalSection(ExtensibilityGlobals) = postSolution
		SolutionGuid = {AA9FD60F-E0FC-413B-97D7-E18343775AAB}
	EndGlobalSection
EndGlobal
